// !$*UTF8*$!
{
	archiveVersion = 1;
	classes = {
	};
	objectVersion = 46;
	objects = {

/* Begin PBXBuildFile section */
		CD6542EA83D707C926161567 /* libPods-JSWaterFlowLayout.a in Frameworks */ = {isa = PBXBuildFile; fileRef = D2640FA8E3631E1B37AA4142 /* libPods-JSWaterFlowLayout.a */; };
		CF22791F1CFEE78A00D252D7 /* main.m in Sources */ = {isa = PBXBuildFile; fileRef = CF22791E1CFEE78A00D252D7 /* main.m */; };
		CF2279221CFEE78A00D252D7 /* AppDelegate.m in Sources */ = {isa = PBXBuildFile; fileRef = CF2279211CFEE78A00D252D7 /* AppDelegate.m */; };
		CF2279251CFEE78A00D252D7 /* ViewController.m in Sources */ = {isa = PBXBuildFile; fileRef = CF2279241CFEE78A00D252D7 /* ViewController.m */; };
		CF2279281CFEE78A00D252D7 /* Main.storyboard in Resources */ = {isa = PBXBuildFile; fileRef = CF2279261CFEE78A00D252D7 /* Main.storyboard */; };
		CF22792A1CFEE78A00D252D7 /* Assets.xcassets in Resources */ = {isa = PBXBuildFile; fileRef = CF2279291CFEE78A00D252D7 /* Assets.xcassets */; };
		CF22792D1CFEE78A00D252D7 /* LaunchScreen.storyboard in Resources */ = {isa = PBXBuildFile; fileRef = CF22792B1CFEE78A00D252D7 /* LaunchScreen.storyboard */; };
		CF2279381CFEE78A00D252D7 /* JSWaterFlowLayoutTests.m in Sources */ = {isa = PBXBuildFile; fileRef = CF2279371CFEE78A00D252D7 /* JSWaterFlowLayoutTests.m */; };
		CF2279431CFEE78A00D252D7 /* JSWaterFlowLayoutUITests.m in Sources */ = {isa = PBXBuildFile; fileRef = CF2279421CFEE78A00D252D7 /* JSWaterFlowLayoutUITests.m */; };
		CF2279521CFEE89D00D252D7 /* JSWaterCollectionViewLayout.m in Sources */ = {isa = PBXBuildFile; fileRef = CF2279511CFEE89D00D252D7 /* JSWaterCollectionViewLayout.m */; };
		CF2279541CFEF4F300D252D7 /* goods.plist in Resources */ = {isa = PBXBuildFile; fileRef = CF2279531CFEF4F300D252D7 /* goods.plist */; };
		CF2279581CFEF69F00D252D7 /* JSGoodCollectionViewCell.m in Sources */ = {isa = PBXBuildFile; fileRef = CF2279561CFEF69F00D252D7 /* JSGoodCollectionViewCell.m */; };
		CF2279591CFEF69F00D252D7 /* JSGoodCollectionViewCell.xib in Resources */ = {isa = PBXBuildFile; fileRef = CF2279571CFEF69F00D252D7 /* JSGoodCollectionViewCell.xib */; };
		CF22795C1CFEF75600D252D7 /* JSGoodModel.m in Sources */ = {isa = PBXBuildFile; fileRef = CF22795B1CFEF75600D252D7 /* JSGoodModel.m */; };
/* End PBXBuildFile section */

/* Begin PBXContainerItemProxy section */
		CF2279341CFEE78A00D252D7 /* PBXContainerItemProxy */ = {
			isa = PBXContainerItemProxy;
			containerPortal = CF2279121CFEE78A00D252D7 /* Project object */;
			proxyType = 1;
			remoteGlobalIDString = CF2279191CFEE78A00D252D7;
			remoteInfo = JSWaterFlowLayout;
		};
		CF22793F1CFEE78A00D252D7 /* PBXContainerItemProxy */ = {
			isa = PBXContainerItemProxy;
			containerPortal = CF2279121CFEE78A00D252D7 /* Project object */;
			proxyType = 1;
			remoteGlobalIDString = CF2279191CFEE78A00D252D7;
			remoteInfo = JSWaterFlowLayout;
		};
/* End PBXContainerItemProxy section */

/* Begin PBXFileReference section */
		7FF4D022FDCB520C753A1386 /* Pods-JSWaterFlowLayout.release.xcconfig */ = {isa = PBXFileReference; includeInIndex = 1; lastKnownFileType = text.xcconfig; name = "Pods-JSWaterFlowLayout.release.xcconfig"; path = "Pods/Target Support Files/Pods-JSWaterFlowLayout/Pods-JSWaterFlowLayout.release.xcconfig"; sourceTree = "<group>"; };
		82084B218D0A23B959F1AD52 /* Pods-JSWaterFlowLayout.debug.xcconfig */ = {isa = PBXFileReference; includeInIndex = 1; lastKnownFileType = text.xcconfig; name = "Pods-JSWaterFlowLayout.debug.xcconfig"; path = "Pods/Target Support Files/Pods-JSWaterFlowLayout/Pods-JSWaterFlowLayout.debug.xcconfig"; sourceTree = "<group>"; };
		CF22791A1CFEE78A00D252D7 /* JSWaterFlowLayout.app */ = {isa = PBXFileReference; explicitFileType = wrapper.application; includeInIndex = 0; path = JSWaterFlowLayout.app; sourceTree = BUILT_PRODUCTS_DIR; };
		CF22791E1CFEE78A00D252D7 /* main.m */ = {isa = PBXFileReference; lastKnownFileType = sourcecode.c.objc; path = main.m; sourceTree = "<group>"; };
		CF2279201CFEE78A00D252D7 /* AppDelegate.h */ = {isa = PBXFileReference; lastKnownFileType = sourcecode.c.h; path = AppDelegate.h; sourceTree = "<group>"; };
		CF2279211CFEE78A00D252D7 /* AppDelegate.m */ = {isa = PBXFileReference; lastKnownFileType = sourcecode.c.objc; path = AppDelegate.m; sourceTree = "<group>"; };
		CF2279231CFEE78A00D252D7 /* ViewController.h */ = {isa = PBXFileReference; lastKnownFileType = sourcecode.c.h; path = ViewController.h; sourceTree = "<group>"; };
		CF2279241CFEE78A00D252D7 /* ViewController.m */ = {isa = PBXFileReference; lastKnownFileType = sourcecode.c.objc; path = ViewController.m; sourceTree = "<group>"; };
		CF2279271CFEE78A00D252D7 /* Base */ = {isa = PBXFileReference; lastKnownFileType = file.storyboard; name = Base; path = Base.lproj/Main.storyboard; sourceTree = "<group>"; };
		CF2279291CFEE78A00D252D7 /* Assets.xcassets */ = {isa = PBXFileReference; lastKnownFileType = folder.assetcatalog; path = Assets.xcassets; sourceTree = "<group>"; };
		CF22792C1CFEE78A00D252D7 /* Base */ = {isa = PBXFileReference; lastKnownFileType = file.storyboard; name = Base; path = Base.lproj/LaunchScreen.storyboard; sourceTree = "<group>"; };
		CF22792E1CFEE78A00D252D7 /* Info.plist */ = {isa = PBXFileReference; lastKnownFileType = text.plist.xml; path = Info.plist; sourceTree = "<group>"; };
		CF2279331CFEE78A00D252D7 /* JSWaterFlowLayoutTests.xctest */ = {isa = PBXFileReference; explicitFileType = wrapper.cfbundle; includeInIndex = 0; path = JSWaterFlowLayoutTests.xctest; sourceTree = BUILT_PRODUCTS_DIR; };
		CF2279371CFEE78A00D252D7 /* JSWaterFlowLayoutTests.m */ = {isa = PBXFileReference; lastKnownFileType = sourcecode.c.objc; path = JSWaterFlowLayoutTests.m; sourceTree = "<group>"; };
		CF2279391CFEE78A00D252D7 /* Info.plist */ = {isa = PBXFileReference; lastKnownFileType = text.plist.xml; path = Info.plist; sourceTree = "<group>"; };
		CF22793E1CFEE78A00D252D7 /* JSWaterFlowLayoutUITests.xctest */ = {isa = PBXFileReference; explicitFileType = wrapper.cfbundle; includeInIndex = 0; path = JSWaterFlowLayoutUITests.xctest; sourceTree = BUILT_PRODUCTS_DIR; };
		CF2279421CFEE78A00D252D7 /* JSWaterFlowLayoutUITests.m */ = {isa = PBXFileReference; lastKnownFileType = sourcecode.c.objc; path = JSWaterFlowLayoutUITests.m; sourceTree = "<group>"; };
		CF2279441CFEE78A00D252D7 /* Info.plist */ = {isa = PBXFileReference; lastKnownFileType = text.plist.xml; path = Info.plist; sourceTree = "<group>"; };
		CF2279501CFEE89D00D252D7 /* JSWaterCollectionViewLayout.h */ = {isa = PBXFileReference; fileEncoding = 4; lastKnownFileType = sourcecode.c.h; path = JSWaterCollectionViewLayout.h; sourceTree = "<group>"; };
		CF2279511CFEE89D00D252D7 /* JSWaterCollectionViewLayout.m */ = {isa = PBXFileReference; fileEncoding = 4; lastKnownFileType = sourcecode.c.objc; path = JSWaterCollectionViewLayout.m; sourceTree = "<group>"; };
		CF2279531CFEF4F300D252D7 /* goods.plist */ = {isa = PBXFileReference; fileEncoding = 4; lastKnownFileType = text.plist.xml; path = goods.plist; sourceTree = "<group>"; };
		CF2279551CFEF69F00D252D7 /* JSGoodCollectionViewCell.h */ = {isa = PBXFileReference; fileEncoding = 4; lastKnownFileType = sourcecode.c.h; path = JSGoodCollectionViewCell.h; sourceTree = "<group>"; };
		CF2279561CFEF69F00D252D7 /* JSGoodCollectionViewCell.m */ = {isa = PBXFileReference; fileEncoding = 4; lastKnownFileType = sourcecode.c.objc; path = JSGoodCollectionViewCell.m; sourceTree = "<group>"; };
		CF2279571CFEF69F00D252D7 /* JSGoodCollectionViewCell.xib */ = {isa = PBXFileReference; fileEncoding = 4; lastKnownFileType = file.xib; path = JSGoodCollectionViewCell.xib; sourceTree = "<group>"; };
		CF22795A1CFEF75600D252D7 /* JSGoodModel.h */ = {isa = PBXFileReference; fileEncoding = 4; lastKnownFileType = sourcecode.c.h; path = JSGoodModel.h; sourceTree = "<group>"; };
		CF22795B1CFEF75600D252D7 /* JSGoodModel.m */ = {isa = PBXFileReference; fileEncoding = 4; lastKnownFileType = sourcecode.c.objc; path = JSGoodModel.m; sourceTree = "<group>"; };
		D2640FA8E3631E1B37AA4142 /* libPods-JSWaterFlowLayout.a */ = {isa = PBXFileReference; explicitFileType = archive.ar; includeInIndex = 0; path = "libPods-JSWaterFlowLayout.a"; sourceTree = BUILT_PRODUCTS_DIR; };
/* End PBXFileReference section */

/* Begin PBXFrameworksBuildPhase section */
		CF2279171CFEE78A00D252D7 /* Frameworks */ = {
			isa = PBXFrameworksBuildPhase;
			buildActionMask = 2147483647;
			files = (
				CD6542EA83D707C926161567 /* libPods-JSWaterFlowLayout.a in Frameworks */,
			);
			runOnlyForDeploymentPostprocessing = 0;
		};
		CF2279301CFEE78A00D252D7 /* Frameworks */ = {
			isa = PBXFrameworksBuildPhase;
			buildActionMask = 2147483647;
			files = (
			);
			runOnlyForDeploymentPostprocessing = 0;
		};
		CF22793B1CFEE78A00D252D7 /* Frameworks */ = {
			isa = PBXFrameworksBuildPhase;
			buildActionMask = 2147483647;
			files = (
			);
			runOnlyForDeploymentPostprocessing = 0;
		};
/* End PBXFrameworksBuildPhase section */

/* Begin PBXGroup section */
		CCABAA094753908CD62AD0D5 /* Pods */ = {
			isa = PBXGroup;
			children = (
				82084B218D0A23B959F1AD52 /* Pods-JSWaterFlowLayout.debug.xcconfig */,
				7FF4D022FDCB520C753A1386 /* Pods-JSWaterFlowLayout.release.xcconfig */,
			);
			name = Pods;
			sourceTree = "<group>";
		};
		CF2279111CFEE78A00D252D7 = {
			isa = PBXGroup;
			children = (
				CF22791C1CFEE78A00D252D7 /* JSWaterFlowLayout */,
				CF2279361CFEE78A00D252D7 /* JSWaterFlowLayoutTests */,
				CF2279411CFEE78A00D252D7 /* JSWaterFlowLayoutUITests */,
				CF22791B1CFEE78A00D252D7 /* Products */,
				CCABAA094753908CD62AD0D5 /* Pods */,
				DC2B9D63A7C00FDE626D5BA9 /* Frameworks */,
			);
			sourceTree = "<group>";
		};
		CF22791B1CFEE78A00D252D7 /* Products */ = {
			isa = PBXGroup;
			children = (
				CF22791A1CFEE78A00D252D7 /* JSWaterFlowLayout.app */,
				CF2279331CFEE78A00D252D7 /* JSWaterFlowLayoutTests.xctest */,
				CF22793E1CFEE78A00D252D7 /* JSWaterFlowLayoutUITests.xctest */,
			);
			name = Products;
			sourceTree = "<group>";
		};
		CF22791C1CFEE78A00D252D7 /* JSWaterFlowLayout */ = {
			isa = PBXGroup;
			children = (
				CF2279201CFEE78A00D252D7 /* AppDelegate.h */,
				CF2279211CFEE78A00D252D7 /* AppDelegate.m */,
				CF2279231CFEE78A00D252D7 /* ViewController.h */,
				CF2279241CFEE78A00D252D7 /* ViewController.m */,
				CF2279501CFEE89D00D252D7 /* JSWaterCollectionViewLayout.h */,
				CF2279511CFEE89D00D252D7 /* JSWaterCollectionViewLayout.m */,
				CF2279551CFEF69F00D252D7 /* JSGoodCollectionViewCell.h */,
				CF2279561CFEF69F00D252D7 /* JSGoodCollectionViewCell.m */,
				CF2279571CFEF69F00D252D7 /* JSGoodCollectionViewCell.xib */,
				CF22795A1CFEF75600D252D7 /* JSGoodModel.h */,
				CF22795B1CFEF75600D252D7 /* JSGoodModel.m */,
				CF2279261CFEE78A00D252D7 /* Main.storyboard */,
				CF2279291CFEE78A00D252D7 /* Assets.xcassets */,
				CF22792B1CFEE78A00D252D7 /* LaunchScreen.storyboard */,
				CF22792E1CFEE78A00D252D7 /* Info.plist */,
				CF2279531CFEF4F300D252D7 /* goods.plist */,
				CF22791D1CFEE78A00D252D7 /* Supporting Files */,
			);
			path = JSWaterFlowLayout;
			sourceTree = "<group>";
		};
		CF22791D1CFEE78A00D252D7 /* Supporting Files */ = {
			isa = PBXGroup;
			children = (
				CF22791E1CFEE78A00D252D7 /* main.m */,
			);
			name = "Supporting Files";
			sourceTree = "<group>";
		};
		CF2279361CFEE78A00D252D7 /* JSWaterFlowLayoutTests */ = {
			isa = PBXGroup;
			children = (
				CF2279371CFEE78A00D252D7 /* JSWaterFlowLayoutTests.m */,
				CF2279391CFEE78A00D252D7 /* Info.plist */,
			);
			path = JSWaterFlowLayoutTests;
			sourceTree = "<group>";
		};
		CF2279411CFEE78A00D252D7 /* JSWaterFlowLayoutUITests */ = {
			isa = PBXGroup;
			children = (
				CF2279421CFEE78A00D252D7 /* JSWaterFlowLayoutUITests.m */,
				CF2279441CFEE78A00D252D7 /* Info.plist */,
			);
			path = JSWaterFlowLayoutUITests;
			sourceTree = "<group>";
		};
		DC2B9D63A7C00FDE626D5BA9 /* Frameworks */ = {
			isa = PBXGroup;
			children = (
				D2640FA8E3631E1B37AA4142 /* libPods-JSWaterFlowLayout.a */,
			);
			name = Frameworks;
			sourceTree = "<group>";
		};
/* End PBXGroup section */

/* Begin PBXNativeTarget section */
		CF2279191CFEE78A00D252D7 /* JSWaterFlowLayout */ = {
			isa = PBXNativeTarget;
			buildConfigurationList = CF2279471CFEE78A00D252D7 /* Build configuration list for PBXNativeTarget "JSWaterFlowLayout" */;
			buildPhases = (
				9ABBF4FC090C793A5C6E8191 /* 📦 Check Pods Manifest.lock */,
				CF2279161CFEE78A00D252D7 /* Sources */,
				CF2279171CFEE78A00D252D7 /* Frameworks */,
				CF2279181CFEE78A00D252D7 /* Resources */,
				580CC573C20D71F17F0F9298 /* 📦 Embed Pods Frameworks */,
				623DFD54AC88B6E896461283 /* 📦 Copy Pods Resources */,
			);
			buildRules = (
			);
			dependencies = (
			);
			name = JSWaterFlowLayout;
			productName = JSWaterFlowLayout;
			productReference = CF22791A1CFEE78A00D252D7 /* JSWaterFlowLayout.app */;
			productType = "com.apple.product-type.application";
		};
		CF2279321CFEE78A00D252D7 /* JSWaterFlowLayoutTests */ = {
			isa = PBXNativeTarget;
			buildConfigurationList = CF22794A1CFEE78A00D252D7 /* Build configuration list for PBXNativeTarget "JSWaterFlowLayoutTests" */;
			buildPhases = (
				CF22792F1CFEE78A00D252D7 /* Sources */,
				CF2279301CFEE78A00D252D7 /* Frameworks */,
				CF2279311CFEE78A00D252D7 /* Resources */,
			);
			buildRules = (
			);
			dependencies = (
				CF2279351CFEE78A00D252D7 /* PBXTargetDependency */,
			);
			name = JSWaterFlowLayoutTests;
			productName = JSWaterFlowLayoutTests;
			productReference = CF2279331CFEE78A00D252D7 /* JSWaterFlowLayoutTests.xctest */;
			productType = "com.apple.product-type.bundle.unit-test";
		};
		CF22793D1CFEE78A00D252D7 /* JSWaterFlowLayoutUITests */ = {
			isa = PBXNativeTarget;
			buildConfigurationList = CF22794D1CFEE78A00D252D7 /* Build configuration list for PBXNativeTarget "JSWaterFlowLayoutUITests" */;
			buildPhases = (
				CF22793A1CFEE78A00D252D7 /* Sources */,
				CF22793B1CFEE78A00D252D7 /* Frameworks */,
				CF22793C1CFEE78A00D252D7 /* Resources */,
			);
			buildRules = (
			);
			dependencies = (
				CF2279401CFEE78A00D252D7 /* PBXTargetDependency */,
			);
			name = JSWaterFlowLayoutUITests;
			productName = JSWaterFlowLayoutUITests;
			productReference = CF22793E1CFEE78A00D252D7 /* JSWaterFlowLayoutUITests.xctest */;
			productType = "com.apple.product-type.bundle.ui-testing";
		};
/* End PBXNativeTarget section */

/* Begin PBXProject section */
		CF2279121CFEE78A00D252D7 /* Project object */ = {
			isa = PBXProject;
			attributes = {
				LastUpgradeCheck = 0730;
				ORGANIZATIONNAME = jiangsu;
				TargetAttributes = {
					CF2279191CFEE78A00D252D7 = {
						CreatedOnToolsVersion = 7.3.1;
						DevelopmentTeam = 4SU7V64Q9J;
					};
					CF2279321CFEE78A00D252D7 = {
						CreatedOnToolsVersion = 7.3.1;
						DevelopmentTeam = 4SU7V64Q9J;
						TestTargetID = CF2279191CFEE78A00D252D7;
					};
					CF22793D1CFEE78A00D252D7 = {
						CreatedOnToolsVersion = 7.3.1;
						DevelopmentTeam = 4SU7V64Q9J;
						TestTargetID = CF2279191CFEE78A00D252D7;
					};
				};
			};
			buildConfigurationList = CF2279151CFEE78A00D252D7 /* Build configuration list for PBXProject "JSWaterFlowLayout" */;
			compatibilityVersion = "Xcode 3.2";
			developmentRegion = English;
			hasScannedForEncodings = 0;
			knownRegions = (
				en,
				Base,
			);
			mainGroup = CF2279111CFEE78A00D252D7;
			productRefGroup = CF22791B1CFEE78A00D252D7 /* Products */;
			projectDirPath = "";
			projectRoot = "";
			targets = (
				CF2279191CFEE78A00D252D7 /* JSWaterFlowLayout */,
				CF2279321CFEE78A00D252D7 /* JSWaterFlowLayoutTests */,
				CF22793D1CFEE78A00D252D7 /* JSWaterFlowLayoutUITests */,
			);
		};
/* End PBXProject section */

/* Begin PBXResourcesBuildPhase section */
		CF2279181CFEE78A00D252D7 /* Resources */ = {
			isa = PBXResourcesBuildPhase;
			buildActionMask = 2147483647;
			files = (
				CF2279591CFEF69F00D252D7 /* JSGoodCollectionViewCell.xib in Resources */,
				CF22792D1CFEE78A00D252D7 /* LaunchScreen.storyboard in Resources */,
				CF22792A1CFEE78A00D252D7 /* Assets.xcassets in Resources */,
				CF2279541CFEF4F300D252D7 /* goods.plist in Resources */,
				CF2279281CFEE78A00D252D7 /* Main.storyboard in Resources */,
			);
			runOnlyForDeploymentPostprocessing = 0;
		};
		CF2279311CFEE78A00D252D7 /* Resources */ = {
			isa = PBXResourcesBuildPhase;
			buildActionMask = 2147483647;
			files = (
			);
			runOnlyForDeploymentPostprocessing = 0;
		};
		CF22793C1CFEE78A00D252D7 /* Resources */ = {
			isa = PBXResourcesBuildPhase;
			buildActionMask = 2147483647;
			files = (
			);
			runOnlyForDeploymentPostprocessing = 0;
		};
/* End PBXResourcesBuildPhase section */

/* Begin PBXShellScriptBuildPhase section */
		580CC573C20D71F17F0F9298 /* 📦 Embed Pods Frameworks */ = {
			isa = PBXShellScriptBuildPhase;
			buildActionMask = 2147483647;
			files = (
			);
			inputPaths = (
			);
			name = "📦 Embed Pods Frameworks";
			outputPaths = (
			);
			runOnlyForDeploymentPostprocessing = 0;
			shellPath = /bin/sh;
			shellScript = "\"${SRCROOT}/Pods/Target Support Files/Pods-JSWaterFlowLayout/Pods-JSWaterFlowLayout-frameworks.sh\"\n";
			showEnvVarsInLog = 0;
		};
		623DFD54AC88B6E896461283 /* 📦 Copy Pods Resources */ = {
			isa = PBXShellScriptBuildPhase;
			buildActionMask = 2147483647;
			files = (
			);
			inputPaths = (
			);
			name = "📦 Copy Pods Resources";
			outputPaths = (
			);
			runOnlyForDeploymentPostprocessing = 0;
			shellPath = /bin/sh;
			shellScript = "\"${SRCROOT}/Pods/Target Support Files/Pods-JSWaterFlowLayout/Pods-JSWaterFlowLayout-resources.sh\"\n";
			showEnvVarsInLog = 0;
		};
		9ABBF4FC090C793A5C6E8191 /* 📦 Check Pods Manifest.lock */ = {
			isa = PBXShellScriptBuildPhase;
			buildActionMask = 2147483647;
			files = (
			);
			inputPaths = (
			);
			name = "📦 Check Pods Manifest.lock";
			outputPaths = (
			);
			runOnlyForDeploymentPostprocessing = 0;
			shellPath = /bin/sh;
			shellScript = "diff \"${PODS_ROOT}/../Podfile.lock\" \"${PODS_ROOT}/Manifest.lock\" > /dev/null\nif [[ $? != 0 ]] ; then\n    cat << EOM\nerror: The sandbox is not in sync with the Podfile.lock. Run 'pod install' or update your CocoaPods installation.\nEOM\n    exit 1\nfi\n";
			showEnvVarsInLog = 0;
		};
/* End PBXShellScriptBuildPhase section */

/* Begin PBXSourcesBuildPhase section */
		CF2279161CFEE78A00D252D7 /* Sources */ = {
			isa = PBXSourcesBuildPhase;
			buildActionMask = 2147483647;
			files = (
				CF2279251CFEE78A00D252D7 /* ViewController.m in Sources */,
				CF2279521CFEE89D00D252D7 /* JSWaterCollectionViewLayout.m in Sources */,
				CF2279221CFEE78A00D252D7 /* AppDelegate.m in Sources */,
				CF22791F1CFEE78A00D252D7 /* main.m in Sources */,
				CF2279581CFEF69F00D252D7 /* JSGoodCollectionViewCell.m in Sources */,
				CF22795C1CFEF75600D252D7 /* JSGoodModel.m in Sources */,
			);
			runOnlyForDeploymentPostprocessing = 0;
		};
		CF22792F1CFEE78A00D252D7 /* Sources */ = {
			isa = PBXSourcesBuildPhase;
			buildActionMask = 2147483647;
			files = (
				CF2279381CFEE78A00D252D7 /* JSWaterFlowLayoutTests.m in Sources */,
			);
			runOnlyForDeploymentPostprocessing = 0;
		};
		CF22793A1CFEE78A00D252D7 /* Sources */ = {
			isa = PBXSourcesBuildPhase;
			buildActionMask = 2147483647;
			files = (
				CF2279431CFEE78A00D252D7 /* JSWaterFlowLayoutUITests.m in Sources */,
			);
			runOnlyForDeploymentPostprocessing = 0;
		};
/* End PBXSourcesBuildPhase section */

/* Begin PBXTargetDependency section */
		CF2279351CFEE78A00D252D7 /* PBXTargetDependency */ = {
			isa = PBXTargetDependency;
			target = CF2279191CFEE78A00D252D7 /* JSWaterFlowLayout */;
			targetProxy = CF2279341CFEE78A00D252D7 /* PBXContainerItemProxy */;
		};
		CF2279401CFEE78A00D252D7 /* PBXTargetDependency */ = {
			isa = PBXTargetDependency;
			target = CF2279191CFEE78A00D252D7 /* JSWaterFlowLayout */;
			targetProxy = CF22793F1CFEE78A00D252D7 /* PBXContainerItemProxy */;
		};
/* End PBXTargetDependency section */

/* Begin PBXVariantGroup section */
		CF2279261CFEE78A00D252D7 /* Main.storyboard */ = {
			isa = PBXVariantGroup;
			children = (
				CF2279271CFEE78A00D252D7 /* Base */,
			);
			name = Main.storyboard;
			sourceTree = "<group>";
		};
		CF22792B1CFEE78A00D252D7 /* LaunchScreen.storyboard */ = {
			isa = PBXVariantGroup;
			children = (
				CF22792C1CFEE78A00D252D7 /* Base */,
			);
			name = LaunchScreen.storyboard;
			sourceTree = "<group>";
		};
/* End PBXVariantGroup section */

/* Begin XCBuildConfiguration section */
		CF2279451CFEE78A00D252D7 /* Debug */ = {
			isa = XCBuildConfiguration;
			buildSettings = {
				ALWAYS_SEARCH_USER_PATHS = NO;
				CLANG_ANALYZER_NONNULL = YES;
				CLANG_CXX_LANGUAGE_STANDARD = "gnu++0x";
				CLANG_CXX_LIBRARY = "libc++";
				CLANG_ENABLE_MODULES = YES;
				CLANG_ENABLE_OBJC_ARC = YES;
				CLANG_WARN_BOOL_CONVERSION = YES;
				CLANG_WARN_CONSTANT_CONVERSION = YES;
				CLANG_WARN_DIRECT_OBJC_ISA_USAGE = YES_ERROR;
				CLANG_WARN_EMPTY_BODY = YES;
				CLANG_WARN_ENUM_CONVERSION = YES;
				CLANG_WARN_INT_CONVERSION = YES;
				CLANG_WARN_OBJC_ROOT_CLASS = YES_ERROR;
				CLANG_WARN_UNREACHABLE_CODE = YES;
				CLANG_WARN__DUPLICATE_METHOD_MATCH = YES;
				"CODE_SIGN_IDENTITY[sdk=iphoneos*]" = "iPhone Developer";
				COPY_PHASE_STRIP = NO;
				DEBUG_INFORMATION_FORMAT = dwarf;
				ENABLE_STRICT_OBJC_MSGSEND = YES;
				ENABLE_TESTABILITY = YES;
				GCC_C_LANGUAGE_STANDARD = gnu99;
				GCC_DYNAMIC_NO_PIC = NO;
				GCC_NO_COMMON_BLOCKS = YES;
				GCC_OPTIMIZATION_LEVEL = 0;
				GCC_PREPROCESSOR_DEFINITIONS = (
					"DEBUG=1",
					"$(inherited)",
				);
				GCC_WARN_64_TO_32_BIT_CONVERSION = YES;
				GCC_WARN_ABOUT_RETURN_TYPE = YES_ERROR;
				GCC_WARN_UNDECLARED_SELECTOR = YES;
				GCC_WARN_UNINITIALIZED_AUTOS = YES_AGGRESSIVE;
				GCC_WARN_UNUSED_FUNCTION = YES;
				GCC_WARN_UNUSED_VARIABLE = YES;
				IPHONEOS_DEPLOYMENT_TARGET = 9.3;
				MTL_ENABLE_DEBUG_INFO = YES;
				ONLY_ACTIVE_ARCH = YES;
				SDKROOT = iphoneos;
			};
			name = Debug;
		};
		CF2279461CFEE78A00D252D7 /* Release */ = {
			isa = XCBuildConfiguration;
			buildSettings = {
				ALWAYS_SEARCH_USER_PATHS = NO;
				CLANG_ANALYZER_NONNULL = YES;
				CLANG_CXX_LANGUAGE_STANDARD = "gnu++0x";
				CLANG_CXX_LIBRARY = "libc++";
				CLANG_ENABLE_MODULES = YES;
				CLANG_ENABLE_OBJC_ARC = YES;
				CLANG_WARN_BOOL_CONVERSION = YES;
				CLANG_WARN_CONSTANT_CONVERSION = YES;
				CLANG_WARN_DIRECT_OBJC_ISA_USAGE = YES_ERROR;
				CLANG_WARN_EMPTY_BODY = YES;
				CLANG_WARN_ENUM_CONVERSION = YES;
				CLANG_WARN_INT_CONVERSION = YES;
				CLANG_WARN_OBJC_ROOT_CLASS = YES_ERROR;
				CLANG_WARN_UNREACHABLE_CODE = YES;
				CLANG_WARN__DUPLICATE_METHOD_MATCH = YES;
				"CODE_SIGN_IDENTITY[sdk=iphoneos*]" = "iPhone Developer";
				COPY_PHASE_STRIP = NO;
				DEBUG_INFORMATION_FORMAT = "dwarf-with-dsym";
				ENABLE_NS_ASSERTIONS = NO;
				ENABLE_STRICT_OBJC_MSGSEND = YES;
				GCC_C_LANGUAGE_STANDARD = gnu99;
				GCC_NO_COMMON_BLOCKS = YES;
				GCC_WARN_64_TO_32_BIT_CONVERSION = YES;
				GCC_WARN_ABOUT_RETURN_TYPE = YES_ERROR;
				GCC_WARN_UNDECLARED_SELECTOR = YES;
				GCC_WARN_UNINITIALIZED_AUTOS = YES_AGGRESSIVE;
				GCC_WARN_UNUSED_FUNCTION = YES;
				GCC_WARN_UNUSED_VARIABLE = YES;
				IPHONEOS_DEPLOYMENT_TARGET = 9.3;
				MTL_ENABLE_DEBUG_INFO = NO;
				SDKROOT = iphoneos;
				VALIDATE_PRODUCT = YES;
			};
			name = Release;
		};
		CF2279481CFEE78A00D252D7 /* Debug */ = {
			isa = XCBuildConfiguration;
			baseConfigurationReference = 82084B218D0A23B959F1AD52 /* Pods-JSWaterFlowLayout.debug.xcconfig */;
			buildSettings = {
				ASSETCATALOG_COMPILER_APPICON_NAME = AppIcon;
				INFOPLIST_FILE = JSWaterFlowLayout/Info.plist;
				LD_RUNPATH_SEARCH_PATHS = "$(inherited) @executable_path/Frameworks";
				PRODUCT_BUNDLE_IDENTIFIER = com.jiangsu.JSWaterFlowLayout;
				PRODUCT_NAME = "$(TARGET_NAME)";
			};
			name = Debug;
		};
		CF2279491CFEE78A00D252D7 /* Release */ = {
			isa = XCBuildConfiguration;
			baseConfigurationReference = 7FF4D022FDCB520C753A1386 /* Pods-JSWaterFlowLayout.release.xcconfig */;
			buildSettings = {
				ASSETCATALOG_COMPILER_APPICON_NAME = AppIcon;
				INFOPLIST_FILE = JSWaterFlowLayout/Info.plist;
				LD_RUNPATH_SEARCH_PATHS = "$(inherited) @executable_path/Frameworks";
				PRODUCT_BUNDLE_IDENTIFIER = com.jiangsu.JSWaterFlowLayout;
				PRODUCT_NAME = "$(TARGET_NAME)";
			};
			name = Release;
		};
		CF22794B1CFEE78A00D252D7 /* Debug */ = {
			isa = XCBuildConfiguration;
			buildSettings = {
				BUNDLE_LOADER = "$(TEST_HOST)";
				INFOPLIST_FILE = JSWaterFlowLayoutTests/Info.plist;
				LD_RUNPATH_SEARCH_PATHS = "$(inherited) @executable_path/Frameworks @loader_path/Frameworks";
				PRODUCT_BUNDLE_IDENTIFIER = com.jiangsu.JSWaterFlowLayoutTests;
				PRODUCT_NAME = "$(TARGET_NAME)";
				TEST_HOST = "$(BUILT_PRODUCTS_DIR)/JSWaterFlowLayout.app/JSWaterFlowLayout";
			};
			name = Debug;
		};
		CF22794C1CFEE78A00D252D7 /* Release */ = {
			isa = XCBuildConfiguration;
			buildSettings = {
				BUNDLE_LOADER = "$(TEST_HOST)";
				INFOPLIST_FILE = JSWaterFlowLayoutTests/Info.plist;
				LD_RUNPATH_SEARCH_PATHS = "$(inherited) @executable_path/Frameworks @loader_path/Frameworks";
				PRODUCT_BUNDLE_IDENTIFIER = com.jiangsu.JSWaterFlowLayoutTests;
				PRODUCT_NAME = "$(TARGET_NAME)";
				TEST_HOST = "$(BUILT_PRODUCTS_DIR)/JSWaterFlowLayout.app/JSWaterFlowLayout";
			};
			name = Release;
		};
		CF22794E1CFEE78A00D252D7 /* Debug */ = {
			isa = XCBuildConfiguration;
			buildSettings = {
				INFOPLIST_FILE = JSWaterFlowLayoutUITests/Info.plist;
				LD_RUNPATH_SEARCH_PATHS = "$(inherited) @executable_path/Frameworks @loader_path/Frameworks";
				PRODUCT_BUNDLE_IDENTIFIER = com.jiangsu.JSWaterFlowLayoutUITests;
				PRODUCT_NAME = "$(TARGET_NAME)";
				TEST_TARGET_NAME = JSWaterFlowLayout;
			};
			name = Debug;
		};
		CF22794F1CFEE78A00D252D7 /* Release */ = {
			isa = XCBuildConfiguration;
			buildSettings = {
				INFOPLIST_FILE = JSWaterFlowLayoutUITests/Info.plist;
				LD_RUNPATH_SEARCH_PATHS = "$(inherited) @executable_path/Frameworks @loader_path/Frameworks";
				PRODUCT_BUNDLE_IDENTIFIER = com.jiangsu.JSWaterFlowLayoutUITests;
				PRODUCT_NAME = "$(TARGET_NAME)";
				TEST_TARGET_NAME = JSWaterFlowLayout;
			};
			name = Release;
		};
/* End XCBuildConfiguration section */

/* Begin XCConfigurationList section */
		CF2279151CFEE78A00D252D7 /* Build configuration list for PBXProject "JSWaterFlowLayout" */ = {
			isa = XCConfigurationList;
			buildConfigurations = (
				CF2279451CFEE78A00D252D7 /* Debug */,
				CF2279461CFEE78A00D252D7 /* Release */,
			);
			defaultConfigurationIsVisible = 0;
			defaultConfigurationName = Release;
		};
		CF2279471CFEE78A00D252D7 /* Build configuration list for PBXNativeTarget "JSWaterFlowLayout" */ = {
			isa = XCConfigurationList;
			buildConfigurations = (
				CF2279481CFEE78A00D252D7 /* Debug */,
				CF2279491CFEE78A00D252D7 /* Release */,
			);
			defaultConfigurationIsVisible = 0;
			defaultConfigurationName = Release;
		};
		CF22794A1CFEE78A00D252D7 /* Build configuration list for PBXNativeTarget "JSWaterFlowLayoutTests" */ = {
			isa = XCConfigurationList;
			buildConfigurations = (
				CF22794B1CFEE78A00D252D7 /* Debug */,
				CF22794C1CFEE78A00D252D7 /* Release */,
			);
			defaultConfigurationIsVisible = 0;
			defaultConfigurationName = Release;
		};
		CF22794D1CFEE78A00D252D7 /* Build configuration list for PBXNativeTarget "JSWaterFlowLayoutUITests" */ = {
			isa = XCConfigurationList;
			buildConfigurations = (
				CF22794E1CFEE78A00D252D7 /* Debug */,
				CF22794F1CFEE78A00D252D7 /* Release */,
			);
			defaultConfigurationIsVisible = 0;
			defaultConfigurationName = Release;
		};
/* End XCConfigurationList section */
	};
	rootObject = CF2279121CFEE78A00D252D7 /* Project object */;
}
